
Microsoft Visual Studio Solution File, Format Version 12.00
# Visual Studio Version 16
VisualStudioVersion = 16.0.30717.126
MinimumVisualStudioVersion = 10.0.40219.1
Project("{FAE04EC0-301F-11D3-BF4B-00C04F79EFBC}") = "RestAPI", "RestAPI\RestAPI.csproj", "{8E52041E-859D-4695-A767-7C7CFA327B3B}"
EndProject
Global
	GlobalSection(SolutionConfigurationPlatforms) = preSolution
		Debug|Any CPU = Debug|Any CPU
		Release|Any CPU = Release|Any CPU
	EndGlobalSection
	GlobalSection(ProjectConfigurationPlatforms) = postSolution
		{8E52041E-859D-4695-A767-7C7CFA327B3B}.Debug|Any CPU.ActiveCfg = Debug|Any CPU
		{8E52041E-859D-4695-A767-7C7CFA327B3B}.Debug|Any CPU.Build.0 = Debug|Any CPU
		{8E52041E-859D-4695-A767-7C7CFA327B3B}.Release|Any CPU.ActiveCfg = Release|Any CPU
		{8E52041E-859D-4695-A767-7C7CFA327B3B}.Release|Any CPU.Build.0 = Release|Any CPU
	EndGlobalSection
	GlobalSection(SolutionProperties) = preSolution
		HideSolutionNode = FALSE
	EndGlobalSection
	GlobalSection(ExtensibilityGlobals) = postSolution
		SolutionGuid = {5DAE9D88-6B1C-438E-BE15-3D4A84E39679}
	EndGlobalSection
EndGlobal
